
Microsoft Visual Studio Solution File, Format Version 12.00
# Visual Studio Version 17
VisualStudioVersion = 17.7.34024.191
MinimumVisualStudioVersion = 10.0.40219.1
Project("{FAE04EC0-301F-11D3-BF4B-00C04F79EFBC}") = "MagicVilla_API", "MagicVilla_API\MagicVilla_API.csproj", "{7740691B-E3CC-40E9-A6F2-3A43D3F29042}"
EndProject
Global
	GlobalSection(SolutionConfigurationPlatforms) = preSolution
		Debug|Any CPU = Debug|Any CPU
		Release|Any CPU = Release|Any CPU
	EndGlobalSection
	GlobalSection(ProjectConfigurationPlatforms) = postSolution
		{7740691B-E3CC-40E9-A6F2-3A43D3F29042}.Debug|Any CPU.ActiveCfg = Debug|Any CPU
		{7740691B-E3CC-40E9-A6F2-3A43D3F29042}.Debug|Any CPU.Build.0 = Debug|Any CPU
		{7740691B-E3CC-40E9-A6F2-3A43D3F29042}.Release|Any CPU.ActiveCfg = Release|Any CPU
		{7740691B-E3CC-40E9-A6F2-3A43D3F29042}.Release|Any CPU.Build.0 = Release|Any CPU
	EndGlobalSection
	GlobalSection(SolutionProperties) = preSolution
		HideSolutionNode = FALSE
	EndGlobalSection
	GlobalSection(ExtensibilityGlobals) = postSolution
		SolutionGuid = {6A8A2532-98E5-4D84-8BAB-5BD4A7EB9CF6}
	EndGlobalSection
EndGlobal
